
Microsoft Visual Studio Solution File, Format Version 12.00
# Visual Studio Version 16
VisualStudioVersion = 16.0.31729.503
MinimumVisualStudioVersion = 10.0.40219.1
Project("{FAE04EC0-301F-11D3-BF4B-00C04F79EFBC}") = "EMB-ERM_Sub-Sytem_Laboratory_Unit", "EMB-ERM_Sub-Sytem_Laboratory_Unit.csproj", "{2D916475-5167-4494-99BB-8D40AA070CDA}"
EndProject
Global
	GlobalSection(SolutionConfigurationPlatforms) = preSolution
		Debug|Any CPU = Debug|Any CPU
		Release|Any CPU = Release|Any CPU
	EndGlobalSection
	GlobalSection(ProjectConfigurationPlatforms) = postSolution
		{2D916475-5167-4494-99BB-8D40AA070CDA}.Debug|Any CPU.ActiveCfg = Debug|Any CPU
		{2D916475-5167-4494-99BB-8D40AA070CDA}.Debug|Any CPU.Build.0 = Debug|Any CPU
		{2D916475-5167-4494-99BB-8D40AA070CDA}.Release|Any CPU.ActiveCfg = Release|Any CPU
		{2D916475-5167-4494-99BB-8D40AA070CDA}.Release|Any CPU.Build.0 = Release|Any CPU
	EndGlobalSection
	GlobalSection(SolutionProperties) = preSolution
		HideSolutionNode = FALSE
	EndGlobalSection
	GlobalSection(ExtensibilityGlobals) = postSolution
		SolutionGuid = {3F9E888D-8C2D-4A11-8C5D-01FA6BCB84F4}
	EndGlobalSection
EndGlobal
